{
	"name": "@hap-toolkit/compiler",
	"version": "1.9.5",
	"lockfileVersion": 1,
	"requires": true,
	"dependencies": {
		"@types/node": {
			"version": "14.14.16",
			"resolved": "https://registry.npm.taobao.org/@types/node/download/@types/node-14.14.16.tgz",
			"integrity": "sha1-PMNR+NSBAd6t/tTJ5PEWBI1De0s="
		},
		"atob": {
			"version": "2.1.2",
			"resolved": "https://registry.npm.taobao.org/atob/download/atob-2.1.2.tgz",
			"integrity": "sha1-bZUX654DDSQ2ZmZR6GvZ9vE1M8k="
		},
		"css": {
			"version": "2.2.4",
			"resolved": "https://registry.npm.taobao.org/css/download/css-2.2.4.tgz?cache=0&sync_timestamp=1593663543619&other_urls=https%3A%2F%2Fregistry.npm.taobao.org%2Fcss%2Fdownload%2Fcss-2.2.4.tgz",
			"integrity": "sha1-xkZ1XHOXHyu6amAeLPL9cbEpiSk=",
			"requires": {
				"inherits": "^2.0.3",
				"source-map": "^0.6.1",
				"source-map-resolve": "^0.5.2",
				"urix": "^0.1.0"
			}
		},
		"css-what": {
			"version": "2.1.3",
			"resolved": "https://registry.npm.taobao.org/css-what/download/css-what-2.1.3.tgz?cache=0&sync_timestamp=1602571001952&other_urls=https%3A%2F%2Fregistry.npm.taobao.org%2Fcss-what%2Fdownload%2Fcss-what-2.1.3.tgz",
			"integrity": "sha1-ptdgRXM2X+dGhsPzEcVlE9iChfI="
		},
		"decode-uri-component": {
			"version": "0.2.0",
			"resolved": "https://registry.npm.taobao.org/decode-uri-component/download/decode-uri-component-0.2.0.tgz",
			"integrity": "sha1-6zkTMzRYd1y4TNGh+uBiEGu4dUU="
		},
		"inherits": {
			"version": "2.0.4",
			"resolved": "https://registry.npm.taobao.org/inherits/download/inherits-2.0.4.tgz",
			"integrity": "sha1-D6LGT5MpF8NDOg3tVTY6rjdBa3w="
		},
		"parse5": {
			"version": "3.0.3",
			"resolved": "https://registry.npm.taobao.org/parse5/download/parse5-3.0.3.tgz?cache=0&sync_timestamp=1595849263958&other_urls=https%3A%2F%2Fregistry.npm.taobao.org%2Fparse5%2Fdownload%2Fparse5-3.0.3.tgz",
			"integrity": "sha1-BC95L/3TaFFVHPTp4Gazh0q0W1w=",
			"requires": {
				"@types/node": "*"
			}
		},
		"resolve-url": {
			"version": "0.2.1",
			"resolved": "https://registry.npm.taobao.org/resolve-url/download/resolve-url-0.2.1.tgz",
			"integrity": "sha1-LGN/53yJOv0qZj/iGqkIAGjiBSo="
		},
		"source-map": {
			"version": "0.6.1",
			"resolved": "https://registry.npm.taobao.org/source-map/download/source-map-0.6.1.tgz?cache=0&sync_timestamp=1571657176668&other_urls=https%3A%2F%2Fregistry.npm.taobao.org%2Fsource-map%2Fdownload%2Fsource-map-0.6.1.tgz",
			"integrity": "sha1-dHIq8y6WFOnCh6jQu95IteLxomM="
		},
		"source-map-resolve": {
			"version": "0.5.3",
			"resolved": "https://registry.npm.taobao.org/source-map-resolve/download/source-map-resolve-0.5.3.tgz",
			"integrity": "sha1-GQhmvs51U+H48mei7oLGBrVQmho=",
			"requires": {
				"atob": "^2.1.2",
				"decode-uri-component": "^0.2.0",
				"resolve-url": "^0.2.1",
				"source-map-url": "^0.4.0",
				"urix": "^0.1.0"
			}
		},
		"source-map-url": {
			"version": "0.4.0",
			"resolved": "https://registry.npm.taobao.org/source-map-url/download/source-map-url-0.4.0.tgz",
			"integrity": "sha1-PpNdfd1zYxuXZZlW1VEo6HtQhKM="
		},
		"urix": {
			"version": "0.1.0",
			"resolved": "https://registry.npm.taobao.org/urix/download/urix-0.1.0.tgz",
			"integrity": "sha1-2pN/emLiH+wf0Y1Js1wpNQZ6bHI="
		}
	}
}
